
Microsoft Visual Studio Solution File, Format Version 12.00
# Visual Studio Version 17
VisualStudioVersion = 17.6.33815.320
MinimumVisualStudioVersion = 10.0.40219.1
Project("{FAE04EC0-301F-11D3-BF4B-00C04F79EFBC}") = "ConsoleApp1", "ConsoleApp1\ConsoleApp1.csproj", "{7F988F83-4CCA-4040-8C88-3CA54C1A1F0A}"
EndProject
Global
	GlobalSection(SolutionConfigurationPlatforms) = preSolution
		Debug|Any CPU = Debug|Any CPU
		Release|Any CPU = Release|Any CPU
	EndGlobalSection
	GlobalSection(ProjectConfigurationPlatforms) = postSolution
		{7F988F83-4CCA-4040-8C88-3CA54C1A1F0A}.Debug|Any CPU.ActiveCfg = Debug|Any CPU
		{7F988F83-4CCA-4040-8C88-3CA54C1A1F0A}.Debug|Any CPU.Build.0 = Debug|Any CPU
		{7F988F83-4CCA-4040-8C88-3CA54C1A1F0A}.Release|Any CPU.ActiveCfg = Release|Any CPU
		{7F988F83-4CCA-4040-8C88-3CA54C1A1F0A}.Release|Any CPU.Build.0 = Release|Any CPU
	EndGlobalSection
	GlobalSection(SolutionProperties) = preSolution
		HideSolutionNode = FALSE
	EndGlobalSection
	GlobalSection(ExtensibilityGlobals) = postSolution
		SolutionGuid = {4A9F3DDD-07FC-42CC-A3E0-A83CA668C6AA}
	EndGlobalSection
EndGlobal
